// !$*UTF8*$!
{
	archiveVersion = 1;
	classes = {
	};
	objectVersion = 56;
	objects = {

/* Begin PBXBuildFile section */
		041B5139298ACC33005414B9 /* AppDelegate.swift in Sources */ = {isa = PBXBuildFile; fileRef = 041B5138298ACC33005414B9 /* AppDelegate.swift */; };
		041B513B298ACC33005414B9 /* SceneDelegate.swift in Sources */ = {isa = PBXBuildFile; fileRef = 041B513A298ACC33005414B9 /* SceneDelegate.swift */; };
		041B513D298ACC33005414B9 /* SearchViewController.swift in Sources */ = {isa = PBXBuildFile; fileRef = 041B513C298ACC33005414B9 /* SearchViewController.swift */; };
		041B5140298ACC33005414B9 /* Main.storyboard in Resources */ = {isa = PBXBuildFile; fileRef = 041B513E298ACC33005414B9 /* Main.storyboard */; };
		041B5142298ACC35005414B9 /* Assets.xcassets in Resources */ = {isa = PBXBuildFile; fileRef = 041B5141298ACC35005414B9 /* Assets.xcassets */; };
		041B5145298ACC35005414B9 /* LaunchScreen.storyboard in Resources */ = {isa = PBXBuildFile; fileRef = 041B5143298ACC35005414B9 /* LaunchScreen.storyboard */; };
		041B5150298ACC35005414B9 /* lawPavillonCodingChallengeTests.swift in Sources */ = {isa = PBXBuildFile; fileRef = 041B514F298ACC35005414B9 /* lawPavillonCodingChallengeTests.swift */; };
		041B515A298ACC35005414B9 /* lawPavillonCodingChallengeUITests.swift in Sources */ = {isa = PBXBuildFile; fileRef = 041B5159298ACC35005414B9 /* lawPavillonCodingChallengeUITests.swift */; };
		041B515C298ACC35005414B9 /* lawPavillonCodingChallengeUITestsLaunchTests.swift in Sources */ = {isa = PBXBuildFile; fileRef = 041B515B298ACC35005414B9 /* lawPavillonCodingChallengeUITestsLaunchTests.swift */; };
		041B5169298C0045005414B9 /* ServiceProvider.swift in Sources */ = {isa = PBXBuildFile; fileRef = 041B5168298C0045005414B9 /* ServiceProvider.swift */; };
		041B516B298C005B005414B9 /* ResponseModel.swift in Sources */ = {isa = PBXBuildFile; fileRef = 041B516A298C005B005414B9 /* ResponseModel.swift */; };
		041B516E298C07CD005414B9 /* DataProvider.swift in Sources */ = {isa = PBXBuildFile; fileRef = 041B516D298C07CD005414B9 /* DataProvider.swift */; };
		041B5170298C0EE2005414B9 /* EndPoints.swift in Sources */ = {isa = PBXBuildFile; fileRef = 041B516F298C0EE2005414B9 /* EndPoints.swift */; };
		041B5172298C1DB1005414B9 /* Utility.swift in Sources */ = {isa = PBXBuildFile; fileRef = 041B5171298C1DB1005414B9 /* Utility.swift */; };
		041B5174298C27F3005414B9 /* SearchResultViewModel.swift in Sources */ = {isa = PBXBuildFile; fileRef = 041B5173298C27F3005414B9 /* SearchResultViewModel.swift */; };
		0498F92D298C66B300432B7E /* UserDetailsModel.swift in Sources */ = {isa = PBXBuildFile; fileRef = 0498F92C298C66B300432B7E /* UserDetailsModel.swift */; };
		0498F92F298D2EC000432B7E /* DetailsViewController.swift in Sources */ = {isa = PBXBuildFile; fileRef = 0498F92E298D2EC000432B7E /* DetailsViewController.swift */; };
		0498F931298D5B1300432B7E /* SearchResultTableViewCell.swift in Sources */ = {isa = PBXBuildFile; fileRef = 0498F930298D5B1300432B7E /* SearchResultTableViewCell.swift */; };
		0498F933298D5C7700432B7E /* SearchViewControllerExtension.swift in Sources */ = {isa = PBXBuildFile; fileRef = 0498F932298D5C7700432B7E /* SearchViewControllerExtension.swift */; };
		374B504713D0404B24ABAB12 /* Pods_lawPavillonCodingChallenge.framework in Frameworks */ = {isa = PBXBuildFile; fileRef = F34DF4C97C1B1421F47ED811 /* Pods_lawPavillonCodingChallenge.framework */; };
		96995BB28C4465255AAD26D3 /* Pods_lawPavillonCodingChallenge_lawPavillonCodingChallengeUITests.framework in Frameworks */ = {isa = PBXBuildFile; fileRef = E5838618B44C7249E8F5CB7D /* Pods_lawPavillonCodingChallenge_lawPavillonCodingChallengeUITests.framework */; };
		A446099A56B380B81FCCA8E2 /* Pods_lawPavillonCodingChallengeTests.framework in Frameworks */ = {isa = PBXBuildFile; fileRef = 447CF1A1A5C00A4E510351DF /* Pods_lawPavillonCodingChallengeTests.framework */; };
/* End PBXBuildFile section */

/* Begin PBXContainerItemProxy section */
		041B514C298ACC35005414B9 /* PBXContainerItemProxy */ = {
			isa = PBXContainerItemProxy;
			containerPortal = 041B512D298ACC33005414B9 /* Project object */;
			proxyType = 1;
			remoteGlobalIDString = 041B5134298ACC33005414B9;
			remoteInfo = lawPavillonCodingChallenge;
		};
		041B5156298ACC35005414B9 /* PBXContainerItemProxy */ = {
			isa = PBXContainerItemProxy;
			containerPortal = 041B512D298ACC33005414B9 /* Project object */;
			proxyType = 1;
			remoteGlobalIDString = 041B5134298ACC33005414B9;
			remoteInfo = lawPavillonCodingChallenge;
		};
/* End PBXContainerItemProxy section */

/* Begin PBXFileReference section */
		041B5135298ACC33005414B9 /* lawPavillonCodingChallenge.app */ = {isa = PBXFileReference; explicitFileType = wrapper.application; includeInIndex = 0; path = lawPavillonCodingChallenge.app; sourceTree = BUILT_PRODUCTS_DIR; };
		041B5138298ACC33005414B9 /* AppDelegate.swift */ = {isa = PBXFileReference; lastKnownFileType = sourcecode.swift; path = AppDelegate.swift; sourceTree = "<group>"; };
		041B513A298ACC33005414B9 /* SceneDelegate.swift */ = {isa = PBXFileReference; lastKnownFileType = sourcecode.swift; path = SceneDelegate.swift; sourceTree = "<group>"; };
		041B513C298ACC33005414B9 /* SearchViewController.swift */ = {isa = PBXFileReference; lastKnownFileType = sourcecode.swift; path = SearchViewController.swift; sourceTree = "<group>"; };
		041B513F298ACC33005414B9 /* Base */ = {isa = PBXFileReference; lastKnownFileType = file.storyboard; name = Base; path = Base.lproj/Main.storyboard; sourceTree = "<group>"; };
		041B5141298ACC35005414B9 /* Assets.xcassets */ = {isa = PBXFileReference; lastKnownFileType = folder.assetcatalog; path = Assets.xcassets; sourceTree = "<group>"; };
		041B5144298ACC35005414B9 /* Base */ = {isa = PBXFileReference; lastKnownFileType = file.storyboard; name = Base; path = Base.lproj/LaunchScreen.storyboard; sourceTree = "<group>"; };
		041B5146298ACC35005414B9 /* Info.plist */ = {isa = PBXFileReference; lastKnownFileType = text.plist.xml; path = Info.plist; sourceTree = "<group>"; };
		041B514B298ACC35005414B9 /* lawPavillonCodingChallengeTests.xctest */ = {isa = PBXFileReference; explicitFileType = wrapper.cfbundle; includeInIndex = 0; path = lawPavillonCodingChallengeTests.xctest; sourceTree = BUILT_PRODUCTS_DIR; };
		041B514F298ACC35005414B9 /* lawPavillonCodingChallengeTests.swift */ = {isa = PBXFileReference; lastKnownFileType = sourcecode.swift; path = lawPavillonCodingChallengeTests.swift; sourceTree = "<group>"; };
		041B5155298ACC35005414B9 /* lawPavillonCodingChallengeUITests.xctest */ = {isa = PBXFileReference; explicitFileType = wrapper.cfbundle; includeInIndex = 0; path = lawPavillonCodingChallengeUITests.xctest; sourceTree = BUILT_PRODUCTS_DIR; };
		041B5159298ACC35005414B9 /* lawPavillonCodingChallengeUITests.swift */ = {isa = PBXFileReference; lastKnownFileType = sourcecode.swift; path = lawPavillonCodingChallengeUITests.swift; sourceTree = "<group>"; };
		041B515B298ACC35005414B9 /* lawPavillonCodingChallengeUITestsLaunchTests.swift */ = {isa = PBXFileReference; lastKnownFileType = sourcecode.swift; path = lawPavillonCodingChallengeUITestsLaunchTests.swift; sourceTree = "<group>"; };
		041B5168298C0045005414B9 /* ServiceProvider.swift */ = {isa = PBXFileReference; lastKnownFileType = sourcecode.swift; path = ServiceProvider.swift; sourceTree = "<group>"; };
		041B516A298C005B005414B9 /* ResponseModel.swift */ = {isa = PBXFileReference; lastKnownFileType = sourcecode.swift; path = ResponseModel.swift; sourceTree = "<group>"; };
		041B516D298C07CD005414B9 /* DataProvider.swift */ = {isa = PBXFileReference; lastKnownFileType = sourcecode.swift; path = DataProvider.swift; sourceTree = "<group>"; };
		041B516F298C0EE2005414B9 /* EndPoints.swift */ = {isa = PBXFileReference; lastKnownFileType = sourcecode.swift; path = EndPoints.swift; sourceTree = "<group>"; };
		041B5171298C1DB1005414B9 /* Utility.swift */ = {isa = PBXFileReference; lastKnownFileType = sourcecode.swift; path = Utility.swift; sourceTree = "<group>"; };
		041B5173298C27F3005414B9 /* SearchResultViewModel.swift */ = {isa = PBXFileReference; lastKnownFileType = sourcecode.swift; path = SearchResultViewModel.swift; sourceTree = "<group>"; };
		0498F92C298C66B300432B7E /* UserDetailsModel.swift */ = {isa = PBXFileReference; lastKnownFileType = sourcecode.swift; path = UserDetailsModel.swift; sourceTree = "<group>"; };
		0498F92E298D2EC000432B7E /* DetailsViewController.swift */ = {isa = PBXFileReference; lastKnownFileType = sourcecode.swift; path = DetailsViewController.swift; sourceTree = "<group>"; };
		0498F930298D5B1300432B7E /* SearchResultTableViewCell.swift */ = {isa = PBXFileReference; lastKnownFileType = sourcecode.swift; path = SearchResultTableViewCell.swift; sourceTree = "<group>"; };
		0498F932298D5C7700432B7E /* SearchViewControllerExtension.swift */ = {isa = PBXFileReference; lastKnownFileType = sourcecode.swift; path = SearchViewControllerExtension.swift; sourceTree = "<group>"; };
		259235091D907F5DB6A838FA /* Pods-lawPavillonCodingChallenge-lawPavillonCodingChallengeUITests.release.xcconfig */ = {isa = PBXFileReference; includeInIndex = 1; lastKnownFileType = text.xcconfig; name = "Pods-lawPavillonCodingChallenge-lawPavillonCodingChallengeUITests.release.xcconfig"; path = "Target Support Files/Pods-lawPavillonCodingChallenge-lawPavillonCodingChallengeUITests/Pods-lawPavillonCodingChallenge-lawPavillonCodingChallengeUITests.release.xcconfig"; sourceTree = "<group>"; };
		447CF1A1A5C00A4E510351DF /* Pods_lawPavillonCodingChallengeTests.framework */ = {isa = PBXFileReference; explicitFileType = wrapper.framework; includeInIndex = 0; path = Pods_lawPavillonCodingChallengeTests.framework; sourceTree = BUILT_PRODUCTS_DIR; };
		50560233DA9E88B52F7B6CE4 /* Pods-lawPavillonCodingChallengeTests.debug.xcconfig */ = {isa = PBXFileReference; includeInIndex = 1; lastKnownFileType = text.xcconfig; name = "Pods-lawPavillonCodingChallengeTests.debug.xcconfig"; path = "Target Support Files/Pods-lawPavillonCodingChallengeTests/Pods-lawPavillonCodingChallengeTests.debug.xcconfig"; sourceTree = "<group>"; };
		B03D5349F6D7EDE2E7736E5E /* Pods-lawPavillonCodingChallengeTests.release.xcconfig */ = {isa = PBXFileReference; includeInIndex = 1; lastKnownFileType = text.xcconfig; name = "Pods-lawPavillonCodingChallengeTests.release.xcconfig"; path = "Target Support Files/Pods-lawPavillonCodingChallengeTests/Pods-lawPavillonCodingChallengeTests.release.xcconfig"; sourceTree = "<group>"; };
		DEC3CCACF76CD700B1A43EBB /* Pods-lawPavillonCodingChallenge-lawPavillonCodingChallengeUITests.debug.xcconfig */ = {isa = PBXFileReference; includeInIndex = 1; lastKnownFileType = text.xcconfig; name = "Pods-lawPavillonCodingChallenge-lawPavillonCodingChallengeUITests.debug.xcconfig"; path = "Target Support Files/Pods-lawPavillonCodingChallenge-lawPavillonCodingChallengeUITests/Pods-lawPavillonCodingChallenge-lawPavillonCodingChallengeUITests.debug.xcconfig"; sourceTree = "<group>"; };
		E5838618B44C7249E8F5CB7D /* Pods_lawPavillonCodingChallenge_lawPavillonCodingChallengeUITests.framework */ = {isa = PBXFileReference; explicitFileType = wrapper.framework; includeInIndex = 0; path = Pods_lawPavillonCodingChallenge_lawPavillonCodingChallengeUITests.framework; sourceTree = BUILT_PRODUCTS_DIR; };
		F144F343106008BB1FD51EBE /* Pods-lawPavillonCodingChallenge.debug.xcconfig */ = {isa = PBXFileReference; includeInIndex = 1; lastKnownFileType = text.xcconfig; name = "Pods-lawPavillonCodingChallenge.debug.xcconfig"; path = "Target Support Files/Pods-lawPavillonCodingChallenge/Pods-lawPavillonCodingChallenge.debug.xcconfig"; sourceTree = "<group>"; };
		F2B927872F6901A0D57E305D /* Pods-lawPavillonCodingChallenge.release.xcconfig */ = {isa = PBXFileReference; includeInIndex = 1; lastKnownFileType = text.xcconfig; name = "Pods-lawPavillonCodingChallenge.release.xcconfig"; path = "Target Support Files/Pods-lawPavillonCodingChallenge/Pods-lawPavillonCodingChallenge.release.xcconfig"; sourceTree = "<group>"; };
		F34DF4C97C1B1421F47ED811 /* Pods_lawPavillonCodingChallenge.framework */ = {isa = PBXFileReference; explicitFileType = wrapper.framework; includeInIndex = 0; path = Pods_lawPavillonCodingChallenge.framework; sourceTree = BUILT_PRODUCTS_DIR; };
/* End PBXFileReference section */

/* Begin PBXFrameworksBuildPhase section */
		041B5132298ACC33005414B9 /* Frameworks */ = {
			isa = PBXFrameworksBuildPhase;
			buildActionMask = 2147483647;
			files = (
				374B504713D0404B24ABAB12 /* Pods_lawPavillonCodingChallenge.framework in Frameworks */,
			);
			runOnlyForDeploymentPostprocessing = 0;
		};
		041B5148298ACC35005414B9 /* Frameworks */ = {
			isa = PBXFrameworksBuildPhase;
			buildActionMask = 2147483647;
			files = (
				A446099A56B380B81FCCA8E2 /* Pods_lawPavillonCodingChallengeTests.framework in Frameworks */,
			);
			runOnlyForDeploymentPostprocessing = 0;
		};
		041B5152298ACC35005414B9 /* Frameworks */ = {
			isa = PBXFrameworksBuildPhase;
			buildActionMask = 2147483647;
			files = (
				96995BB28C4465255AAD26D3 /* Pods_lawPavillonCodingChallenge_lawPavillonCodingChallengeUITests.framework in Frameworks */,
			);
			runOnlyForDeploymentPostprocessing = 0;
		};
/* End PBXFrameworksBuildPhase section */

/* Begin PBXGroup section */
		041B512C298ACC33005414B9 = {
			isa = PBXGroup;
			children = (
				041B5137298ACC33005414B9 /* lawPavillonCodingChallenge */,
				041B514E298ACC35005414B9 /* lawPavillonCodingChallengeTests */,
				041B5158298ACC35005414B9 /* lawPavillonCodingChallengeUITests */,
				041B5136298ACC33005414B9 /* Products */,
				D08CBA50A1215EE2F5BD0CFB /* Pods */,
				435DDFD573F0F4089C85CBD7 /* Frameworks */,
			);
			sourceTree = "<group>";
		};
		041B5136298ACC33005414B9 /* Products */ = {
			isa = PBXGroup;
			children = (
				041B5135298ACC33005414B9 /* lawPavillonCodingChallenge.app */,
				041B514B298ACC35005414B9 /* lawPavillonCodingChallengeTests.xctest */,
				041B5155298ACC35005414B9 /* lawPavillonCodingChallengeUITests.xctest */,
			);
			name = Products;
			sourceTree = "<group>";
		};
		041B5137298ACC33005414B9 /* lawPavillonCodingChallenge */ = {
			isa = PBXGroup;
			children = (
				041B5138298ACC33005414B9 /* AppDelegate.swift */,
				041B513A298ACC33005414B9 /* SceneDelegate.swift */,
				041B513C298ACC33005414B9 /* SearchViewController.swift */,
				041B513E298ACC33005414B9 /* Main.storyboard */,
				041B5141298ACC35005414B9 /* Assets.xcassets */,
				041B5143298ACC35005414B9 /* LaunchScreen.storyboard */,
				041B5146298ACC35005414B9 /* Info.plist */,
				041B5168298C0045005414B9 /* ServiceProvider.swift */,
				041B516C298C00DF005414B9 /* Model */,
				041B516D298C07CD005414B9 /* DataProvider.swift */,
				041B516F298C0EE2005414B9 /* EndPoints.swift */,
				041B5171298C1DB1005414B9 /* Utility.swift */,
				041B5173298C27F3005414B9 /* SearchResultViewModel.swift */,
				0498F92E298D2EC000432B7E /* DetailsViewController.swift */,
				0498F930298D5B1300432B7E /* SearchResultTableViewCell.swift */,
				0498F932298D5C7700432B7E /* SearchViewControllerExtension.swift */,
			);
			path = lawPavillonCodingChallenge;
			sourceTree = "<group>";
		};
		041B514E298ACC35005414B9 /* lawPavillonCodingChallengeTests */ = {
			isa = PBXGroup;
			children = (
				041B514F298ACC35005414B9 /* lawPavillonCodingChallengeTests.swift */,
			);
			path = lawPavillonCodingChallengeTests;
			sourceTree = "<group>";
		};
		041B5158298ACC35005414B9 /* lawPavillonCodingChallengeUITests */ = {
			isa = PBXGroup;
			children = (
				041B5159298ACC35005414B9 /* lawPavillonCodingChallengeUITests.swift */,
				041B515B298ACC35005414B9 /* lawPavillonCodingChallengeUITestsLaunchTests.swift */,
			);
			path = lawPavillonCodingChallengeUITests;
			sourceTree = "<group>";
		};
		041B516C298C00DF005414B9 /* Model */ = {
			isa = PBXGroup;
			children = (
				041B516A298C005B005414B9 /* ResponseModel.swift */,
				0498F92C298C66B300432B7E /* UserDetailsModel.swift */,
			);
			path = Model;
			sourceTree = "<group>";
		};
		435DDFD573F0F4089C85CBD7 /* Frameworks */ = {
			isa = PBXGroup;
			children = (
				F34DF4C97C1B1421F47ED811 /* Pods_lawPavillonCodingChallenge.framework */,
				E5838618B44C7249E8F5CB7D /* Pods_lawPavillonCodingChallenge_lawPavillonCodingChallengeUITests.framework */,
				447CF1A1A5C00A4E510351DF /* Pods_lawPavillonCodingChallengeTests.framework */,
			);
			name = Frameworks;
			sourceTree = "<group>";
		};
		D08CBA50A1215EE2F5BD0CFB /* Pods */ = {
			isa = PBXGroup;
			children = (
				F144F343106008BB1FD51EBE /* Pods-lawPavillonCodingChallenge.debug.xcconfig */,
				F2B927872F6901A0D57E305D /* Pods-lawPavillonCodingChallenge.release.xcconfig */,
				DEC3CCACF76CD700B1A43EBB /* Pods-lawPavillonCodingChallenge-lawPavillonCodingChallengeUITests.debug.xcconfig */,
				259235091D907F5DB6A838FA /* Pods-lawPavillonCodingChallenge-lawPavillonCodingChallengeUITests.release.xcconfig */,
				50560233DA9E88B52F7B6CE4 /* Pods-lawPavillonCodingChallengeTests.debug.xcconfig */,
				B03D5349F6D7EDE2E7736E5E /* Pods-lawPavillonCodingChallengeTests.release.xcconfig */,
			);
			path = Pods;
			sourceTree = "<group>";
		};
/* End PBXGroup section */

/* Begin PBXNativeTarget section */
		041B5134298ACC33005414B9 /* lawPavillonCodingChallenge */ = {
			isa = PBXNativeTarget;
			buildConfigurationList = 041B515F298ACC35005414B9 /* Build configuration list for PBXNativeTarget "lawPavillonCodingChallenge" */;
			buildPhases = (
				40FD741F46FBBC40BB04E3CF /* [CP] Check Pods Manifest.lock */,
				041B5131298ACC33005414B9 /* Sources */,
				041B5132298ACC33005414B9 /* Frameworks */,
				041B5133298ACC33005414B9 /* Resources */,
				C040E6ADFF28B5B53A9BE2B1 /* [CP] Embed Pods Frameworks */,
			);
			buildRules = (
			);
			dependencies = (
			);
			name = lawPavillonCodingChallenge;
			productName = lawPavillonCodingChallenge;
			productReference = 041B5135298ACC33005414B9 /* lawPavillonCodingChallenge.app */;
			productType = "com.apple.product-type.application";
		};
		041B514A298ACC35005414B9 /* lawPavillonCodingChallengeTests */ = {
			isa = PBXNativeTarget;
			buildConfigurationList = 041B5162298ACC35005414B9 /* Build configuration list for PBXNativeTarget "lawPavillonCodingChallengeTests" */;
			buildPhases = (
				1C3AF54735A2B9EC4DFDC47A /* [CP] Check Pods Manifest.lock */,
				041B5147298ACC35005414B9 /* Sources */,
				041B5148298ACC35005414B9 /* Frameworks */,
				041B5149298ACC35005414B9 /* Resources */,
			);
			buildRules = (
			);
			dependencies = (
				041B514D298ACC35005414B9 /* PBXTargetDependency */,
			);
			name = lawPavillonCodingChallengeTests;
			productName = lawPavillonCodingChallengeTests;
			productReference = 041B514B298ACC35005414B9 /* lawPavillonCodingChallengeTests.xctest */;
			productType = "com.apple.product-type.bundle.unit-test";
		};
		041B5154298ACC35005414B9 /* lawPavillonCodingChallengeUITests */ = {
			isa = PBXNativeTarget;
			buildConfigurationList = 041B5165298ACC35005414B9 /* Build configuration list for PBXNativeTarget "lawPavillonCodingChallengeUITests" */;
			buildPhases = (
				D755A5CA93E15F26DFDC9767 /* [CP] Check Pods Manifest.lock */,
				041B5151298ACC35005414B9 /* Sources */,
				041B5152298ACC35005414B9 /* Frameworks */,
				041B5153298ACC35005414B9 /* Resources */,
				B8D353019C960F279FB735ED /* [CP] Embed Pods Frameworks */,
			);
			buildRules = (
			);
			dependencies = (
				041B5157298ACC35005414B9 /* PBXTargetDependency */,
			);
			name = lawPavillonCodingChallengeUITests;
			productName = lawPavillonCodingChallengeUITests;
			productReference = 041B5155298ACC35005414B9 /* lawPavillonCodingChallengeUITests.xctest */;
			productType = "com.apple.product-type.bundle.ui-testing";
		};
/* End PBXNativeTarget section */

/* Begin PBXProject section */
		041B512D298ACC33005414B9 /* Project object */ = {
			isa = PBXProject;
			attributes = {
				BuildIndependentTargetsInParallel = 1;
				LastSwiftUpdateCheck = 1420;
				LastUpgradeCheck = 1420;
				TargetAttributes = {
					041B5134298ACC33005414B9 = {
						CreatedOnToolsVersion = 14.2;
					};
					041B514A298ACC35005414B9 = {
						CreatedOnToolsVersion = 14.2;
						TestTargetID = 041B5134298ACC33005414B9;
					};
					041B5154298ACC35005414B9 = {
						CreatedOnToolsVersion = 14.2;
						TestTargetID = 041B5134298ACC33005414B9;
					};
				};
			};
			buildConfigurationList = 041B5130298ACC33005414B9 /* Build configuration list for PBXProject "lawPavillonCodingChallenge" */;
			compatibilityVersion = "Xcode 14.0";
			developmentRegion = en;
			hasScannedForEncodings = 0;
			knownRegions = (
				en,
				Base,
			);
			mainGroup = 041B512C298ACC33005414B9;
			productRefGroup = 041B5136298ACC33005414B9 /* Products */;
			projectDirPath = "";
			projectRoot = "";
			targets = (
				041B5134298ACC33005414B9 /* lawPavillonCodingChallenge */,
				041B514A298ACC35005414B9 /* lawPavillonCodingChallengeTests */,
				041B5154298ACC35005414B9 /* lawPavillonCodingChallengeUITests */,
			);
		};
/* End PBXProject section */

/* Begin PBXResourcesBuildPhase section */
		041B5133298ACC33005414B9 /* Resources */ = {
			isa = PBXResourcesBuildPhase;
			buildActionMask = 2147483647;
			files = (
				041B5145298ACC35005414B9 /* LaunchScreen.storyboard in Resources */,
				041B5142298ACC35005414B9 /* Assets.xcassets in Resources */,
				041B5140298ACC33005414B9 /* Main.storyboard in Resources */,
			);
			runOnlyForDeploymentPostprocessing = 0;
		};
		041B5149298ACC35005414B9 /* Resources */ = {
			isa = PBXResourcesBuildPhase;
			buildActionMask = 2147483647;
			files = (
			);
			runOnlyForDeploymentPostprocessing = 0;
		};
		041B5153298ACC35005414B9 /* Resources */ = {
			isa = PBXResourcesBuildPhase;
			buildActionMask = 2147483647;
			files = (
			);
			runOnlyForDeploymentPostprocessing = 0;
		};
/* End PBXResourcesBuildPhase section */

/* Begin PBXShellScriptBuildPhase section */
		1C3AF54735A2B9EC4DFDC47A /* [CP] Check Pods Manifest.lock */ = {
			isa = PBXShellScriptBuildPhase;
			buildActionMask = 2147483647;
			files = (
			);
			inputFileListPaths = (
			);
			inputPaths = (
				"${PODS_PODFILE_DIR_PATH}/Podfile.lock",
				"${PODS_ROOT}/Manifest.lock",
			);
			name = "[CP] Check Pods Manifest.lock";
			outputFileListPaths = (
			);
			outputPaths = (
				"$(DERIVED_FILE_DIR)/Pods-lawPavillonCodingChallengeTests-checkManifestLockResult.txt",
			);
			runOnlyForDeploymentPostprocessing = 0;
			shellPath = /bin/sh;
			shellScript = "diff \"${PODS_PODFILE_DIR_PATH}/Podfile.lock\" \"${PODS_ROOT}/Manifest.lock\" > /dev/null\nif [ $? != 0 ] ; then\n    # print error to STDERR\n    echo \"error: The sandbox is not in sync with the Podfile.lock. Run 'pod install' or update your CocoaPods installation.\" >&2\n    exit 1\nfi\n# This output is used by Xcode 'outputs' to avoid re-running this script phase.\necho \"SUCCESS\" > \"${SCRIPT_OUTPUT_FILE_0}\"\n";
			showEnvVarsInLog = 0;
		};
		40FD741F46FBBC40BB04E3CF /* [CP] Check Pods Manifest.lock */ = {
			isa = PBXShellScriptBuildPhase;
			buildActionMask = 2147483647;
			files = (
			);
			inputFileListPaths = (
			);
			inputPaths = (
				"${PODS_PODFILE_DIR_PATH}/Podfile.lock",
				"${PODS_ROOT}/Manifest.lock",
			);
			name = "[CP] Check Pods Manifest.lock";
			outputFileListPaths = (
			);
			outputPaths = (
				"$(DERIVED_FILE_DIR)/Pods-lawPavillonCodingChallenge-checkManifestLockResult.txt",
			);
			runOnlyForDeploymentPostprocessing = 0;
			shellPath = /bin/sh;
			shellScript = "diff \"${PODS_PODFILE_DIR_PATH}/Podfile.lock\" \"${PODS_ROOT}/Manifest.lock\" > /dev/null\nif [ $? != 0 ] ; then\n    # print error to STDERR\n    echo \"error: The sandbox is not in sync with the Podfile.lock. Run 'pod install' or update your CocoaPods installation.\" >&2\n    exit 1\nfi\n# This output is used by Xcode 'outputs' to avoid re-running this script phase.\necho \"SUCCESS\" > \"${SCRIPT_OUTPUT_FILE_0}\"\n";
			showEnvVarsInLog = 0;
		};
		B8D353019C960F279FB735ED /* [CP] Embed Pods Frameworks */ = {
			isa = PBXShellScriptBuildPhase;
			buildActionMask = 2147483647;
			files = (
			);
			inputFileListPaths = (
				"${PODS_ROOT}/Target Support Files/Pods-lawPavillonCodingChallenge-lawPavillonCodingChallengeUITests/Pods-lawPavillonCodingChallenge-lawPavillonCodingChallengeUITests-frameworks-${CONFIGURATION}-input-files.xcfilelist",
			);
			name = "[CP] Embed Pods Frameworks";
			outputFileListPaths = (
				"${PODS_ROOT}/Target Support Files/Pods-lawPavillonCodingChallenge-lawPavillonCodingChallengeUITests/Pods-lawPavillonCodingChallenge-lawPavillonCodingChallengeUITests-frameworks-${CONFIGURATION}-output-files.xcfilelist",
			);
			runOnlyForDeploymentPostprocessing = 0;
			shellPath = /bin/sh;
			shellScript = "\"${PODS_ROOT}/Target Support Files/Pods-lawPavillonCodingChallenge-lawPavillonCodingChallengeUITests/Pods-lawPavillonCodingChallenge-lawPavillonCodingChallengeUITests-frameworks.sh\"\n";
			showEnvVarsInLog = 0;
		};
		C040E6ADFF28B5B53A9BE2B1 /* [CP] Embed Pods Frameworks */ = {
			isa = PBXShellScriptBuildPhase;
			buildActionMask = 2147483647;
			files = (
			);
			inputFileListPaths = (
				"${PODS_ROOT}/Target Support Files/Pods-lawPavillonCodingChallenge/Pods-lawPavillonCodingChallenge-frameworks-${CONFIGURATION}-input-files.xcfilelist",
			);
			name = "[CP] Embed Pods Frameworks";
			outputFileListPaths = (
				"${PODS_ROOT}/Target Support Files/Pods-lawPavillonCodingChallenge/Pods-lawPavillonCodingChallenge-frameworks-${CONFIGURATION}-output-files.xcfilelist",
			);
			runOnlyForDeploymentPostprocessing = 0;
			shellPath = /bin/sh;
			shellScript = "\"${PODS_ROOT}/Target Support Files/Pods-lawPavillonCodingChallenge/Pods-lawPavillonCodingChallenge-frameworks.sh\"\n";
			showEnvVarsInLog = 0;
		};
		D755A5CA93E15F26DFDC9767 /* [CP] Check Pods Manifest.lock */ = {
			isa = PBXShellScriptBuildPhase;
			buildActionMask = 2147483647;
			files = (
			);
			inputFileListPaths = (
			);
			inputPaths = (
				"${PODS_PODFILE_DIR_PATH}/Podfile.lock",
				"${PODS_ROOT}/Manifest.lock",
			);
			name = "[CP] Check Pods Manifest.lock";
			outputFileListPaths = (
			);
			outputPaths = (
				"$(DERIVED_FILE_DIR)/Pods-lawPavillonCodingChallenge-lawPavillonCodingChallengeUITests-checkManifestLockResult.txt",
			);
			runOnlyForDeploymentPostprocessing = 0;
			shellPath = /bin/sh;
			shellScript = "diff \"${PODS_PODFILE_DIR_PATH}/Podfile.lock\" \"${PODS_ROOT}/Manifest.lock\" > /dev/null\nif [ $? != 0 ] ; then\n    # print error to STDERR\n    echo \"error: The sandbox is not in sync with the Podfile.lock. Run 'pod install' or update your CocoaPods installation.\" >&2\n    exit 1\nfi\n# This output is used by Xcode 'outputs' to avoid re-running this script phase.\necho \"SUCCESS\" > \"${SCRIPT_OUTPUT_FILE_0}\"\n";
			showEnvVarsInLog = 0;
		};
/* End PBXShellScriptBuildPhase section */

/* Begin PBXSourcesBuildPhase section */
		041B5131298ACC33005414B9 /* Sources */ = {
			isa = PBXSourcesBuildPhase;
			buildActionMask = 2147483647;
			files = (
				0498F933298D5C7700432B7E /* SearchViewControllerExtension.swift in Sources */,
				041B516E298C07CD005414B9 /* DataProvider.swift in Sources */,
				041B516B298C005B005414B9 /* ResponseModel.swift in Sources */,
				0498F931298D5B1300432B7E /* SearchResultTableViewCell.swift in Sources */,
				041B5169298C0045005414B9 /* ServiceProvider.swift in Sources */,
				0498F92F298D2EC000432B7E /* DetailsViewController.swift in Sources */,
				041B5170298C0EE2005414B9 /* EndPoints.swift in Sources */,
				041B5172298C1DB1005414B9 /* Utility.swift in Sources */,
				041B513D298ACC33005414B9 /* SearchViewController.swift in Sources */,
				041B5139298ACC33005414B9 /* AppDelegate.swift in Sources */,
				0498F92D298C66B300432B7E /* UserDetailsModel.swift in Sources */,
				041B5174298C27F3005414B9 /* SearchResultViewModel.swift in Sources */,
				041B513B298ACC33005414B9 /* SceneDelegate.swift in Sources */,
			);
			runOnlyForDeploymentPostprocessing = 0;
		};
		041B5147298ACC35005414B9 /* Sources */ = {
			isa = PBXSourcesBuildPhase;
			buildActionMask = 2147483647;
			files = (
				041B5150298ACC35005414B9 /* lawPavillonCodingChallengeTests.swift in Sources */,
			);
			runOnlyForDeploymentPostprocessing = 0;
		};
		041B5151298ACC35005414B9 /* Sources */ = {
			isa = PBXSourcesBuildPhase;
			buildActionMask = 2147483647;
			files = (
				041B515C298ACC35005414B9 /* lawPavillonCodingChallengeUITestsLaunchTests.swift in Sources */,
				041B515A298ACC35005414B9 /* lawPavillonCodingChallengeUITests.swift in Sources */,
			);
			runOnlyForDeploymentPostprocessing = 0;
		};
/* End PBXSourcesBuildPhase section */

/* Begin PBXTargetDependency section */
		041B514D298ACC35005414B9 /* PBXTargetDependency */ = {
			isa = PBXTargetDependency;
			target = 041B5134298ACC33005414B9 /* lawPavillonCodingChallenge */;
			targetProxy = 041B514C298ACC35005414B9 /* PBXContainerItemProxy */;
		};
		041B5157298ACC35005414B9 /* PBXTargetDependency */ = {
			isa = PBXTargetDependency;
			target = 041B5134298ACC33005414B9 /* lawPavillonCodingChallenge */;
			targetProxy = 041B5156298ACC35005414B9 /* PBXContainerItemProxy */;
		};
/* End PBXTargetDependency section */

/* Begin PBXVariantGroup section */
		041B513E298ACC33005414B9 /* Main.storyboard */ = {
			isa = PBXVariantGroup;
			children = (
				041B513F298ACC33005414B9 /* Base */,
			);
			name = Main.storyboard;
			sourceTree = "<group>";
		};
		041B5143298ACC35005414B9 /* LaunchScreen.storyboard */ = {
			isa = PBXVariantGroup;
			children = (
				041B5144298ACC35005414B9 /* Base */,
			);
			name = LaunchScreen.storyboard;
			sourceTree = "<group>";
		};
/* End PBXVariantGroup section */

/* Begin XCBuildConfiguration section */
		041B515D298ACC35005414B9 /* Debug */ = {
			isa = XCBuildConfiguration;
			buildSettings = {
				ALWAYS_SEARCH_USER_PATHS = NO;
				CLANG_ANALYZER_NONNULL = YES;
				CLANG_ANALYZER_NUMBER_OBJECT_CONVERSION = YES_AGGRESSIVE;
				CLANG_CXX_LANGUAGE_STANDARD = "gnu++20";
				CLANG_ENABLE_MODULES = YES;
				CLANG_ENABLE_OBJC_ARC = YES;
				CLANG_ENABLE_OBJC_WEAK = YES;
				CLANG_WARN_BLOCK_CAPTURE_AUTORELEASING = YES;
				CLANG_WARN_BOOL_CONVERSION = YES;
				CLANG_WARN_COMMA = YES;
				CLANG_WARN_CONSTANT_CONVERSION = YES;
				CLANG_WARN_DEPRECATED_OBJC_IMPLEMENTATIONS = YES;
				CLANG_WARN_DIRECT_OBJC_ISA_USAGE = YES_ERROR;
				CLANG_WARN_DOCUMENTATION_COMMENTS = YES;
				CLANG_WARN_EMPTY_BODY = YES;
				CLANG_WARN_ENUM_CONVERSION = YES;
				CLANG_WARN_INFINITE_RECURSION = YES;
				CLANG_WARN_INT_CONVERSION = YES;
				CLANG_WARN_NON_LITERAL_NULL_CONVERSION = YES;
				CLANG_WARN_OBJC_IMPLICIT_RETAIN_SELF = YES;
				CLANG_WARN_OBJC_LITERAL_CONVERSION = YES;
				CLANG_WARN_OBJC_ROOT_CLASS = YES_ERROR;
				CLANG_WARN_QUOTED_INCLUDE_IN_FRAMEWORK_HEADER = YES;
				CLANG_WARN_RANGE_LOOP_ANALYSIS = YES;
				CLANG_WARN_STRICT_PROTOTYPES = YES;
				CLANG_WARN_SUSPICIOUS_MOVE = YES;
				CLANG_WARN_UNGUARDED_AVAILABILITY = YES_AGGRESSIVE;
				CLANG_WARN_UNREACHABLE_CODE = YES;
				CLANG_WARN__DUPLICATE_METHOD_MATCH = YES;
				COPY_PHASE_STRIP = NO;
				DEBUG_INFORMATION_FORMAT = dwarf;
				ENABLE_STRICT_OBJC_MSGSEND = YES;
				ENABLE_TESTABILITY = YES;
				GCC_C_LANGUAGE_STANDARD = gnu11;
				GCC_DYNAMIC_NO_PIC = NO;
				GCC_NO_COMMON_BLOCKS = YES;
				GCC_OPTIMIZATION_LEVEL = 0;
				GCC_PREPROCESSOR_DEFINITIONS = (
					"DEBUG=1",
					"$(inherited)",
				);
				GCC_WARN_64_TO_32_BIT_CONVERSION = YES;
				GCC_WARN_ABOUT_RETURN_TYPE = YES_ERROR;
				GCC_WARN_UNDECLARED_SELECTOR = YES;
				GCC_WARN_UNINITIALIZED_AUTOS = YES_AGGRESSIVE;
				GCC_WARN_UNUSED_FUNCTION = YES;
				GCC_WARN_UNUSED_VARIABLE = YES;
				IPHONEOS_DEPLOYMENT_TARGET = 16.2;
				MTL_ENABLE_DEBUG_INFO = INCLUDE_SOURCE;
				MTL_FAST_MATH = YES;
				ONLY_ACTIVE_ARCH = YES;
				SDKROOT = iphoneos;
				SWIFT_ACTIVE_COMPILATION_CONDITIONS = DEBUG;
				SWIFT_OPTIMIZATION_LEVEL = "-Onone";
			};
			name = Debug;
		};
		041B515E298ACC35005414B9 /* Release */ = {
			isa = XCBuildConfiguration;
			buildSettings = {
				ALWAYS_SEARCH_USER_PATHS = NO;
				CLANG_ANALYZER_NONNULL = YES;
				CLANG_ANALYZER_NUMBER_OBJECT_CONVERSION = YES_AGGRESSIVE;
				CLANG_CXX_LANGUAGE_STANDARD = "gnu++20";
				CLANG_ENABLE_MODULES = YES;
				CLANG_ENABLE_OBJC_ARC = YES;
				CLANG_ENABLE_OBJC_WEAK = YES;
				CLANG_WARN_BLOCK_CAPTURE_AUTORELEASING = YES;
				CLANG_WARN_BOOL_CONVERSION = YES;
				CLANG_WARN_COMMA = YES;
				CLANG_WARN_CONSTANT_CONVERSION = YES;
				CLANG_WARN_DEPRECATED_OBJC_IMPLEMENTATIONS = YES;
				CLANG_WARN_DIRECT_OBJC_ISA_USAGE = YES_ERROR;
				CLANG_WARN_DOCUMENTATION_COMMENTS = YES;
				CLANG_WARN_EMPTY_BODY = YES;
				CLANG_WARN_ENUM_CONVERSION = YES;
				CLANG_WARN_INFINITE_RECURSION = YES;
				CLANG_WARN_INT_CONVERSION = YES;
				CLANG_WARN_NON_LITERAL_NULL_CONVERSION = YES;
				CLANG_WARN_OBJC_IMPLICIT_RETAIN_SELF = YES;
				CLANG_WARN_OBJC_LITERAL_CONVERSION = YES;
				CLANG_WARN_OBJC_ROOT_CLASS = YES_ERROR;
				CLANG_WARN_QUOTED_INCLUDE_IN_FRAMEWORK_HEADER = YES;
				CLANG_WARN_RANGE_LOOP_ANALYSIS = YES;
				CLANG_WARN_STRICT_PROTOTYPES = YES;
				CLANG_WARN_SUSPICIOUS_MOVE = YES;
				CLANG_WARN_UNGUARDED_AVAILABILITY = YES_AGGRESSIVE;
				CLANG_WARN_UNREACHABLE_CODE = YES;
				CLANG_WARN__DUPLICATE_METHOD_MATCH = YES;
				COPY_PHASE_STRIP = NO;
				DEBUG_INFORMATION_FORMAT = "dwarf-with-dsym";
				ENABLE_NS_ASSERTIONS = NO;
				ENABLE_STRICT_OBJC_MSGSEND = YES;
				GCC_C_LANGUAGE_STANDARD = gnu11;
				GCC_NO_COMMON_BLOCKS = YES;
				GCC_WARN_64_TO_32_BIT_CONVERSION = YES;
				GCC_WARN_ABOUT_RETURN_TYPE = YES_ERROR;
				GCC_WARN_UNDECLARED_SELECTOR = YES;
				GCC_WARN_UNINITIALIZED_AUTOS = YES_AGGRESSIVE;
				GCC_WARN_UNUSED_FUNCTION = YES;
				GCC_WARN_UNUSED_VARIABLE = YES;
				IPHONEOS_DEPLOYMENT_TARGET = 16.2;
				MTL_ENABLE_DEBUG_INFO = NO;
				MTL_FAST_MATH = YES;
				SDKROOT = iphoneos;
				SWIFT_COMPILATION_MODE = wholemodule;
				SWIFT_OPTIMIZATION_LEVEL = "-O";
				VALIDATE_PRODUCT = YES;
			};
			name = Release;
		};
		041B5160298ACC35005414B9 /* Debug */ = {
			isa = XCBuildConfiguration;
			baseConfigurationReference = F144F343106008BB1FD51EBE /* Pods-lawPavillonCodingChallenge.debug.xcconfig */;
			buildSettings = {
				ASSETCATALOG_COMPILER_APPICON_NAME = AppIcon;
				ASSETCATALOG_COMPILER_GLOBAL_ACCENT_COLOR_NAME = AccentColor;
				CODE_SIGN_STYLE = Automatic;
				CURRENT_PROJECT_VERSION = 1;
				GENERATE_INFOPLIST_FILE = YES;
				INFOPLIST_FILE = lawPavillonCodingChallenge/Info.plist;
				INFOPLIST_KEY_UIApplicationSupportsIndirectInputEvents = YES;
				INFOPLIST_KEY_UILaunchStoryboardName = LaunchScreen;
				INFOPLIST_KEY_UIMainStoryboardFile = Main;
				INFOPLIST_KEY_UISupportedInterfaceOrientations_iPad = "UIInterfaceOrientationPortrait UIInterfaceOrientationPortraitUpsideDown UIInterfaceOrientationLandscapeLeft UIInterfaceOrientationLandscapeRight";
				INFOPLIST_KEY_UISupportedInterfaceOrientations_iPhone = "UIInterfaceOrientationPortrait UIInterfaceOrientationLandscapeLeft UIInterfaceOrientationLandscapeRight";
				LD_RUNPATH_SEARCH_PATHS = (
					"$(inherited)",
					"@executable_path/Frameworks",
				);
				MARKETING_VERSION = 1.0;
				PRODUCT_BUNDLE_IDENTIFIER = kuppylee.lawPavillonCodingChallenge;
				PRODUCT_NAME = "$(TARGET_NAME)";
				SWIFT_EMIT_LOC_STRINGS = YES;
				SWIFT_VERSION = 5.0;
				TARGETED_DEVICE_FAMILY = "1,2";
			};
			name = Debug;
		};
		041B5161298ACC35005414B9 /* Release */ = {
			isa = XCBuildConfiguration;
			baseConfigurationReference = F2B927872F6901A0D57E305D /* Pods-lawPavillonCodingChallenge.release.xcconfig */;
			buildSettings = {
				ASSETCATALOG_COMPILER_APPICON_NAME = AppIcon;
				ASSETCATALOG_COMPILER_GLOBAL_ACCENT_COLOR_NAME = AccentColor;
				CODE_SIGN_STYLE = Automatic;
				CURRENT_PROJECT_VERSION = 1;
				GENERATE_INFOPLIST_FILE = YES;
				INFOPLIST_FILE = lawPavillonCodingChallenge/Info.plist;
				INFOPLIST_KEY_UIApplicationSupportsIndirectInputEvents = YES;
				INFOPLIST_KEY_UILaunchStoryboardName = LaunchScreen;
				INFOPLIST_KEY_UIMainStoryboardFile = Main;
				INFOPLIST_KEY_UISupportedInterfaceOrientations_iPad = "UIInterfaceOrientationPortrait UIInterfaceOrientationPortraitUpsideDown UIInterfaceOrientationLandscapeLeft UIInterfaceOrientationLandscapeRight";
				INFOPLIST_KEY_UISupportedInterfaceOrientations_iPhone = "UIInterfaceOrientationPortrait UIInterfaceOrientationLandscapeLeft UIInterfaceOrientationLandscapeRight";
				LD_RUNPATH_SEARCH_PATHS = (
					"$(inherited)",
					"@executable_path/Frameworks",
				);
				MARKETING_VERSION = 1.0;
				PRODUCT_BUNDLE_IDENTIFIER = kuppylee.lawPavillonCodingChallenge;
				PRODUCT_NAME = "$(TARGET_NAME)";
				SWIFT_EMIT_LOC_STRINGS = YES;
				SWIFT_VERSION = 5.0;
				TARGETED_DEVICE_FAMILY = "1,2";
			};
			name = Release;
		};
		041B5163298ACC35005414B9 /* Debug */ = {
			isa = XCBuildConfiguration;
			baseConfigurationReference = 50560233DA9E88B52F7B6CE4 /* Pods-lawPavillonCodingChallengeTests.debug.xcconfig */;
			buildSettings = {
				ALWAYS_EMBED_SWIFT_STANDARD_LIBRARIES = YES;
				BUNDLE_LOADER = "$(TEST_HOST)";
				CODE_SIGN_STYLE = Automatic;
				CURRENT_PROJECT_VERSION = 1;
				GENERATE_INFOPLIST_FILE = YES;
				IPHONEOS_DEPLOYMENT_TARGET = 16.2;
				MARKETING_VERSION = 1.0;
				PRODUCT_BUNDLE_IDENTIFIER = kuppylee.lawPavillonCodingChallengeTests;
				PRODUCT_NAME = "$(TARGET_NAME)";
				SWIFT_EMIT_LOC_STRINGS = NO;
				SWIFT_VERSION = 5.0;
				TARGETED_DEVICE_FAMILY = "1,2";
				TEST_HOST = "$(BUILT_PRODUCTS_DIR)/lawPavillonCodingChallenge.app/$(BUNDLE_EXECUTABLE_FOLDER_PATH)/lawPavillonCodingChallenge";
			};
			name = Debug;
		};
		041B5164298ACC35005414B9 /* Release */ = {
			isa = XCBuildConfiguration;
			baseConfigurationReference = B03D5349F6D7EDE2E7736E5E /* Pods-lawPavillonCodingChallengeTests.release.xcconfig */;
			buildSettings = {
				ALWAYS_EMBED_SWIFT_STANDARD_LIBRARIES = YES;
				BUNDLE_LOADER = "$(TEST_HOST)";
				CODE_SIGN_STYLE = Automatic;
				CURRENT_PROJECT_VERSION = 1;
				GENERATE_INFOPLIST_FILE = YES;
				IPHONEOS_DEPLOYMENT_TARGET = 16.2;
				MARKETING_VERSION = 1.0;
				PRODUCT_BUNDLE_IDENTIFIER = kuppylee.lawPavillonCodingChallengeTests;
				PRODUCT_NAME = "$(TARGET_NAME)";
				SWIFT_EMIT_LOC_STRINGS = NO;
				SWIFT_VERSION = 5.0;
				TARGETED_DEVICE_FAMILY = "1,2";
				TEST_HOST = "$(BUILT_PRODUCTS_DIR)/lawPavillonCodingChallenge.app/$(BUNDLE_EXECUTABLE_FOLDER_PATH)/lawPavillonCodingChallenge";
			};
			name = Release;
		};
		041B5166298ACC35005414B9 /* Debug */ = {
			isa = XCBuildConfiguration;
			baseConfigurationReference = DEC3CCACF76CD700B1A43EBB /* Pods-lawPavillonCodingChallenge-lawPavillonCodingChallengeUITests.debug.xcconfig */;
			buildSettings = {
				ALWAYS_EMBED_SWIFT_STANDARD_LIBRARIES = YES;
				CODE_SIGN_STYLE = Automatic;
				CURRENT_PROJECT_VERSION = 1;
				GENERATE_INFOPLIST_FILE = YES;
				MARKETING_VERSION = 1.0;
				PRODUCT_BUNDLE_IDENTIFIER = kuppylee.lawPavillonCodingChallengeUITests;
				PRODUCT_NAME = "$(TARGET_NAME)";
				SWIFT_EMIT_LOC_STRINGS = NO;
				SWIFT_VERSION = 5.0;
				TARGETED_DEVICE_FAMILY = "1,2";
				TEST_TARGET_NAME = lawPavillonCodingChallenge;
			};
			name = Debug;
		};
		041B5167298ACC35005414B9 /* Release */ = {
			isa = XCBuildConfiguration;
			baseConfigurationReference = 259235091D907F5DB6A838FA /* Pods-lawPavillonCodingChallenge-lawPavillonCodingChallengeUITests.release.xcconfig */;
			buildSettings = {
				ALWAYS_EMBED_SWIFT_STANDARD_LIBRARIES = YES;
				CODE_SIGN_STYLE = Automatic;
				CURRENT_PROJECT_VERSION = 1;
				GENERATE_INFOPLIST_FILE = YES;
				MARKETING_VERSION = 1.0;
				PRODUCT_BUNDLE_IDENTIFIER = kuppylee.lawPavillonCodingChallengeUITests;
				PRODUCT_NAME = "$(TARGET_NAME)";
				SWIFT_EMIT_LOC_STRINGS = NO;
				SWIFT_VERSION = 5.0;
				TARGETED_DEVICE_FAMILY = "1,2";
				TEST_TARGET_NAME = lawPavillonCodingChallenge;
			};
			name = Release;
		};
/* End XCBuildConfiguration section */

/* Begin XCConfigurationList section */
		041B5130298ACC33005414B9 /* Build configuration list for PBXProject "lawPavillonCodingChallenge" */ = {
			isa = XCConfigurationList;
			buildConfigurations = (
				041B515D298ACC35005414B9 /* Debug */,
				041B515E298ACC35005414B9 /* Release */,
			);
			defaultConfigurationIsVisible = 0;
			defaultConfigurationName = Release;
		};
		041B515F298ACC35005414B9 /* Build configuration list for PBXNativeTarget "lawPavillonCodingChallenge" */ = {
			isa = XCConfigurationList;
			buildConfigurations = (
				041B5160298ACC35005414B9 /* Debug */,
				041B5161298ACC35005414B9 /* Release */,
			);
			defaultConfigurationIsVisible = 0;
			defaultConfigurationName = Release;
		};
		041B5162298ACC35005414B9 /* Build configuration list for PBXNativeTarget "lawPavillonCodingChallengeTests" */ = {
			isa = XCConfigurationList;
			buildConfigurations = (
				041B5163298ACC35005414B9 /* Debug */,
				041B5164298ACC35005414B9 /* Release */,
			);
			defaultConfigurationIsVisible = 0;
			defaultConfigurationName = Release;
		};
		041B5165298ACC35005414B9 /* Build configuration list for PBXNativeTarget "lawPavillonCodingChallengeUITests" */ = {
			isa = XCConfigurationList;
			buildConfigurations = (
				041B5166298ACC35005414B9 /* Debug */,
				041B5167298ACC35005414B9 /* Release */,
			);
			defaultConfigurationIsVisible = 0;
			defaultConfigurationName = Release;
		};
/* End XCConfigurationList section */
	};
	rootObject = 041B512D298ACC33005414B9 /* Project object */;
}
